
Microsoft Visual Studio Solution File, Format Version 12.00
# Visual Studio Version 17
VisualStudioVersion = 17.0.31903.59
MinimumVisualStudioVersion = 10.0.40219.1
Project("{FAE04EC0-301F-11D3-BF4B-00C04F79EFBC}") = "API", "API\API.csproj", "{0B46C025-4A33-4910-9C42-6E0A7FEB9079}"
EndProject
Project("{FAE04EC0-301F-11D3-BF4B-00C04F79EFBC}") = "Application", "Application\Application.csproj", "{2F490314-A9F7-4049-A5B6-27CC22337EEB}"
EndProject
Project("{FAE04EC0-301F-11D3-BF4B-00C04F79EFBC}") = "Domain", "Domain\Domain.csproj", "{217DCCCD-F804-4EA5-ACBC-58AE271B197F}"
EndProject
Project("{FAE04EC0-301F-11D3-BF4B-00C04F79EFBC}") = "Persistence", "Persistence\Persistence.csproj", "{C62AEDF9-06D7-41E5-A0A7-160DE3561663}"
EndProject
Global
	GlobalSection(SolutionConfigurationPlatforms) = preSolution
		Debug|Any CPU = Debug|Any CPU
		Release|Any CPU = Release|Any CPU
	EndGlobalSection
	GlobalSection(SolutionProperties) = preSolution
		HideSolutionNode = FALSE
	EndGlobalSection
	GlobalSection(ProjectConfigurationPlatforms) = postSolution
		{0B46C025-4A33-4910-9C42-6E0A7FEB9079}.Debug|Any CPU.ActiveCfg = Debug|Any CPU
		{0B46C025-4A33-4910-9C42-6E0A7FEB9079}.Debug|Any CPU.Build.0 = Debug|Any CPU
		{0B46C025-4A33-4910-9C42-6E0A7FEB9079}.Release|Any CPU.ActiveCfg = Release|Any CPU
		{0B46C025-4A33-4910-9C42-6E0A7FEB9079}.Release|Any CPU.Build.0 = Release|Any CPU
		{2F490314-A9F7-4049-A5B6-27CC22337EEB}.Debug|Any CPU.ActiveCfg = Debug|Any CPU
		{2F490314-A9F7-4049-A5B6-27CC22337EEB}.Debug|Any CPU.Build.0 = Debug|Any CPU
		{2F490314-A9F7-4049-A5B6-27CC22337EEB}.Release|Any CPU.ActiveCfg = Release|Any CPU
		{2F490314-A9F7-4049-A5B6-27CC22337EEB}.Release|Any CPU.Build.0 = Release|Any CPU
		{217DCCCD-F804-4EA5-ACBC-58AE271B197F}.Debug|Any CPU.ActiveCfg = Debug|Any CPU
		{217DCCCD-F804-4EA5-ACBC-58AE271B197F}.Debug|Any CPU.Build.0 = Debug|Any CPU
		{217DCCCD-F804-4EA5-ACBC-58AE271B197F}.Release|Any CPU.ActiveCfg = Release|Any CPU
		{217DCCCD-F804-4EA5-ACBC-58AE271B197F}.Release|Any CPU.Build.0 = Release|Any CPU
		{C62AEDF9-06D7-41E5-A0A7-160DE3561663}.Debug|Any CPU.ActiveCfg = Debug|Any CPU
		{C62AEDF9-06D7-41E5-A0A7-160DE3561663}.Debug|Any CPU.Build.0 = Debug|Any CPU
		{C62AEDF9-06D7-41E5-A0A7-160DE3561663}.Release|Any CPU.ActiveCfg = Release|Any CPU
		{C62AEDF9-06D7-41E5-A0A7-160DE3561663}.Release|Any CPU.Build.0 = Release|Any CPU
	EndGlobalSection
EndGlobal
